
Microsoft Visual Studio Solution File, Format Version 12.00
# Visual Studio Version 16
VisualStudioVersion = 25.0.1704.0
MinimumVisualStudioVersion = 10.0.40219.1
Project("{FAE04EC0-301F-11D3-BF4B-00C04F79EFBC}") = "dotnet-mvc-react-ssr", "dotnet-mvc-react-ssr.csproj", "{69058532-127B-46BD-B622-28149BCFE5FB}"
EndProject
Global
	GlobalSection(SolutionConfigurationPlatforms) = preSolution
		Debug|Any CPU = Debug|Any CPU
		Release|Any CPU = Release|Any CPU
	EndGlobalSection
	GlobalSection(ProjectConfigurationPlatforms) = postSolution
		{69058532-127B-46BD-B622-28149BCFE5FB}.Debug|Any CPU.ActiveCfg = Debug|Any CPU
		{69058532-127B-46BD-B622-28149BCFE5FB}.Debug|Any CPU.Build.0 = Debug|Any CPU
		{69058532-127B-46BD-B622-28149BCFE5FB}.Release|Any CPU.ActiveCfg = Release|Any CPU
		{69058532-127B-46BD-B622-28149BCFE5FB}.Release|Any CPU.Build.0 = Release|Any CPU
	EndGlobalSection
	GlobalSection(SolutionProperties) = preSolution
		HideSolutionNode = FALSE
	EndGlobalSection
	GlobalSection(ExtensibilityGlobals) = postSolution
		SolutionGuid = {EB36AFD0-F72D-414D-AA44-1BE62E1B78B6}
	EndGlobalSection
EndGlobal
